
Microsoft Visual Studio Solution File, Format Version 12.00
# Visual Studio Version 17
VisualStudioVersion = 17.9.34723.18
MinimumVisualStudioVersion = 10.0.40219.1
Project("{FAE04EC0-301F-11D3-BF4B-00C04F79EFBC}") = "VacationManager.Web", "VacationManager.Web\VacationManager.Web.csproj", "{0CF1CE37-37FE-420C-BE26-37330B26D87C}"
EndProject
Global
	GlobalSection(SolutionConfigurationPlatforms) = preSolution
		Debug|Any CPU = Debug|Any CPU
		Release|Any CPU = Release|Any CPU
	EndGlobalSection
	GlobalSection(ProjectConfigurationPlatforms) = postSolution
		{0CF1CE37-37FE-420C-BE26-37330B26D87C}.Debug|Any CPU.ActiveCfg = Debug|Any CPU
		{0CF1CE37-37FE-420C-BE26-37330B26D87C}.Debug|Any CPU.Build.0 = Debug|Any CPU
		{0CF1CE37-37FE-420C-BE26-37330B26D87C}.Release|Any CPU.ActiveCfg = Release|Any CPU
		{0CF1CE37-37FE-420C-BE26-37330B26D87C}.Release|Any CPU.Build.0 = Release|Any CPU
	EndGlobalSection
	GlobalSection(SolutionProperties) = preSolution
		HideSolutionNode = FALSE
	EndGlobalSection
	GlobalSection(ExtensibilityGlobals) = postSolution
		SolutionGuid = {9D130D05-4077-475F-A0E3-9DAD6DED6084}
	EndGlobalSection
EndGlobal
